
Microsoft Visual Studio Solution File, Format Version 12.00
# Visual Studio 14
VisualStudioVersion = 14.0.25420.1
MinimumVisualStudioVersion = 10.0.40219.1
Project("{FAE04EC0-301F-11D3-BF4B-00C04F79EFBC}") = "ExMarioKart", "ExMarioKart\ExMarioKart.csproj", "{1100D4D0-1E26-4CF7-B19D-F40815206E91}"
EndProject
Project("{FAE04EC0-301F-11D3-BF4B-00C04F79EFBC}") = "ExMarioKartTests", "ExMarioKartTests\ExMarioKartTests.csproj", "{43309105-0451-4FB7-85BA-6FBF4AC1ED27}"
EndProject
Global
	GlobalSection(SolutionConfigurationPlatforms) = preSolution
		Debug|Any CPU = Debug|Any CPU
		Release|Any CPU = Release|Any CPU
	EndGlobalSection
	GlobalSection(ProjectConfigurationPlatforms) = postSolution
		{1100D4D0-1E26-4CF7-B19D-F40815206E91}.Debug|Any CPU.ActiveCfg = Debug|Any CPU
		{1100D4D0-1E26-4CF7-B19D-F40815206E91}.Release|Any CPU.ActiveCfg = Release|Any CPU
		{1100D4D0-1E26-4CF7-B19D-F40815206E91}.Release|Any CPU.Build.0 = Release|Any CPU
		{43309105-0451-4FB7-85BA-6FBF4AC1ED27}.Debug|Any CPU.ActiveCfg = Debug|Any CPU
		{43309105-0451-4FB7-85BA-6FBF4AC1ED27}.Release|Any CPU.ActiveCfg = Release|Any CPU
		{43309105-0451-4FB7-85BA-6FBF4AC1ED27}.Release|Any CPU.Build.0 = Release|Any CPU
	EndGlobalSection
	GlobalSection(SolutionProperties) = preSolution
		HideSolutionNode = FALSE
	EndGlobalSection
EndGlobal
